{
  "name": "lager-logger",
  "version": "1.0.0",
  "lockfileVersion": 1,
  "requires": true,
  "dependencies": {
    "emoji-picker-react": {
      "version": "3.2.4",
      "resolved": "https://registry.npmjs.org/emoji-picker-react/-/emoji-picker-react-3.2.4.tgz",
      "integrity": "sha512-X9AESw1olo73kWBS25hlBcr5GQltHI6kZueV11bR5NJrrG/Dt8TrMbhSMSngs4rMxeAoVT04ST9ixI1KxPThJg=="
    }
  }
}
